{
  "name": "fiap-tech-challenge-platform-k8s",
  "version": "0.1.0",
  "lockfileVersion": 3,
  "requires": true,
  "packages": {
    "": {
      "name": "fiap-tech-challenge-platform-k8s",
      "version": "0.1.0",
      "license": "UNLICENSED",
      "engines": {
        "node": ">=20"
      }
    }
  }
}
